<?xml version="1.0" encoding="UTF-8" standalone="yes" ?>
<CodeBlocks_project_file>
	<FileVersion major="1" minor="6" />
	<Project>
		<Option title="Akaro" />
		<Option pch_mode="2" />
		<Option compiler="gcc" />
		<Build>
			<Target title="Debug Win">
				<Option platforms="Windows;" />
				<Option output="bin/Debug/Akaro" prefix_auto="1" extension_auto="1" />
				<Option object_output="obj/Debug/" />
				<Option type="1" />
				<Option compiler="gcc" />
				<Option projectLinkerOptionsRelation="2" />
				<Compiler>
					<Add option="-g" />
					<Add directory="states" />
				</Compiler>
				<Linker>
					<Add library="mingw32" />
					<Add library="SDL2main" />
					<Add directory="../Engine/bin/Debug" />
				</Linker>
			</Target>
			<Target title="Release Win">
				<Option platforms="Windows;" />
				<Option output="bin/Release/Akaro" prefix_auto="1" extension_auto="1" />
				<Option object_output="obj/Release/" />
				<Option type="1" />
				<Option compiler="gcc" />
				<Option projectLinkerOptionsRelation="2" />
				<Compiler>
					<Add option="-O2" />
					<Add directory="states" />
				</Compiler>
				<Linker>
					<Add option="-s" />
					<Add library="mingw32" />
					<Add library="SDL2main" />
					<Add directory="../Engine/bin/Release" />
				</Linker>
			</Target>
			<Target title="Debug Unix">
				<Option platforms="Unix;Mac;" />
				<Option output="bin/Debug/Akaro" prefix_auto="1" extension_auto="1" />
				<Option object_output="obj/Debug/" />
				<Option type="1" />
				<Option compiler="gcc" />
				<Compiler>
					<Add option="-g" />
					<Add directory="states" />
				</Compiler>
				<Linker>
					<Add directory="../Engine/bin/Debug" />
				</Linker>
			</Target>
			<Target title="Release Unix">
				<Option platforms="Unix;Mac;" />
				<Option output="bin/Release/Akaro" prefix_auto="1" extension_auto="1" />
				<Option object_output="obj/Release/" />
				<Option type="1" />
				<Option compiler="gcc" />
				<Compiler>
					<Add option="-O2" />
					<Add directory="states" />
				</Compiler>
				<Linker>
					<Add option="-s" />
					<Add directory="../Engine/bin/Release" />
				</Linker>
			</Target>
		</Build>
		<Compiler>
			<Add option="-std=c++11" />
			<Add option="-Wall" />
			<Add directory="../" />
		</Compiler>
		<Linker>
			<Add library="SDL2" />
			<Add library="SDL2_image" />
			<Add library="SDL2_mixer" />
			<Add library="SDL2_net" />
			<Add library="SDL2_ttf" />
			<Add library="Engine" />
			<Add directory="../Engine/bin" />
		</Linker>
		<Unit filename="AkaroWindow.cpp" />
		<Unit filename="AkaroWindow.h" />
		<Unit filename="data/audio/mp3/0abstract_anxiety.mp3" />
		<Unit filename="data/audio/mp3/Gm115 LICENSE.txt" />
		<Unit filename="data/audio/mp3/abstract_anxiety.mp3" />
		<Unit filename="data/audio/mp3/flux.mp3" />
		<Unit filename="data/audio/mp3/gm115.mp3" />
		<Unit filename="data/audio/ogg/abstract_anxiety.ogg" />
		<Unit filename="data/fonts/Architects Daughter SIL OFL Font License.txt" />
		<Unit filename="data/fonts/ArchitectsDaughter.ttf" />
		<Unit filename="data/fonts/LICENSE-PressStart2P.txt" />
		<Unit filename="data/fonts/Minecraftia.ttf" />
		<Unit filename="data/fonts/PressStart2P.ttf" />
		<Unit filename="data/fonts/Rufscript010.ttf" />
		<Unit filename="data/input.ini" />
		<Unit filename="data/map.pam" />
		<Unit filename="data/settings.ini" />
		<Unit filename="data/texture/grass.png" />
		<Unit filename="data/texture/sheep.png" />
		<Unit filename="input/KBProvider.cpp" />
		<Unit filename="input/KBProvider.h" />
		<Unit filename="input/PS3Provider.cpp" />
		<Unit filename="input/PS3Provider.h" />
		<Unit filename="main.cpp" />
		<Unit filename="states/MenuState.cpp" />
		<Unit filename="states/MenuState.h" />
		<Unit filename="states/WorldState.cpp" />
		<Unit filename="states/WorldState.h" />
		<Extensions>
			<envvars />
			<code_completion />
			<lib_finder disable_auto="1" />
			<debugger />
		</Extensions>
	</Project>
</CodeBlocks_project_file>
